
Microsoft Visual Studio Solution File, Format Version 12.00
# Visual Studio 15
VisualStudioVersion = 15.0.27130.2036
MinimumVisualStudioVersion = 10.0.40219.1
Project("{9A19103F-16F7-4668-BE54-9A1E7A4F7556}") = "LevelItUp.XamarinForms", "LevelItUp.XamarinForms\LevelItUp.XamarinForms.csproj", "{05D97BF4-DB6C-4E87-8165-8998EE4C1FAE}"
EndProject
Project("{FAE04EC0-301F-11D3-BF4B-00C04F79EFBC}") = "LevelItUp.Droid", "LevelItUp.Droid\LevelItUp.Droid.csproj", "{0F7AD86D-BEEE-4413-92DF-E3E142EB1794}"
EndProject
Project("{9A19103F-16F7-4668-BE54-9A1E7A4F7556}") = "LevelItUp.Core", "LevelItUp.Core\LevelItUp.Core.csproj", "{8F77F972-5005-42E1-A96E-11B1737C41D5}"
EndProject
Project("{9A19103F-16F7-4668-BE54-9A1E7A4F7556}") = "LevelItUp.Model", "LevelItUp.Model\LevelItUp.Model.csproj", "{28055E9F-21D8-4008-B617-455EA94F9E78}"
EndProject
Project("{2150E333-8FDC-42A3-9474-1A3956D46DE8}") = "View", "View", "{CE2C2C92-6E74-4CA1-BCB8-65FF89C2CB86}"
EndProject
Project("{2150E333-8FDC-42A3-9474-1A3956D46DE8}") = "ViewModel", "ViewModel", "{F0E88CC3-4704-453D-BFFE-7E8909610262}"
EndProject
Project("{2150E333-8FDC-42A3-9474-1A3956D46DE8}") = "Model", "Model", "{2E0C9C9E-5DE5-426E-BBC0-600C28B522B7}"
EndProject
Project("{2150E333-8FDC-42A3-9474-1A3956D46DE8}") = "Test", "Test", "{1F604CF2-5E51-4E07-AAFE-F7927D0C2842}"
EndProject
Project("{9A19103F-16F7-4668-BE54-9A1E7A4F7556}") = "LevelItUp.Model.Test.NetFW", "LevelItUp.Model.Test.NetFW\LevelItUp.Model.Test.NetFW.csproj", "{1F6D9BF0-B573-4634-9939-62AF1AAE1557}"
EndProject
Project("{FAE04EC0-301F-11D3-BF4B-00C04F79EFBC}") = "LevelItUp.UWP", "LevelItUp.UWP\LevelItUp.UWP.csproj", "{D3B08832-C0BF-4182-98F5-2364C13A9D19}"
EndProject
Project("{FAE04EC0-301F-11D3-BF4B-00C04F79EFBC}") = "LevelItUp.Views.iOS", "LevelItUp.Views.iOS\LevelItUp.Views.iOS.csproj", "{53F455D4-9D61-42E8-BAE7-7FD2D56259A9}"
EndProject
Project("{FAE04EC0-301F-11D3-BF4B-00C04F79EFBC}") = "LevelItUp.WPF", "LevelItUp.WPF\LevelItUp.WPF.csproj", "{2E9453FE-0B09-4461-B50F-F93EA93BBDAC}"
EndProject
Global
	GlobalSection(SolutionConfigurationPlatforms) = preSolution
		Ad-Hoc|Any CPU = Ad-Hoc|Any CPU
		Ad-Hoc|ARM = Ad-Hoc|ARM
		Ad-Hoc|iPhone = Ad-Hoc|iPhone
		Ad-Hoc|iPhoneSimulator = Ad-Hoc|iPhoneSimulator
		Ad-Hoc|x64 = Ad-Hoc|x64
		Ad-Hoc|x86 = Ad-Hoc|x86
		AppStore|Any CPU = AppStore|Any CPU
		AppStore|ARM = AppStore|ARM
		AppStore|iPhone = AppStore|iPhone
		AppStore|iPhoneSimulator = AppStore|iPhoneSimulator
		AppStore|x64 = AppStore|x64
		AppStore|x86 = AppStore|x86
		Debug|Any CPU = Debug|Any CPU
		Debug|ARM = Debug|ARM
		Debug|iPhone = Debug|iPhone
		Debug|iPhoneSimulator = Debug|iPhoneSimulator
		Debug|x64 = Debug|x64
		Debug|x86 = Debug|x86
		Package|Any CPU = Package|Any CPU
		Package|ARM = Package|ARM
		Package|iPhone = Package|iPhone
		Package|iPhoneSimulator = Package|iPhoneSimulator
		Package|x64 = Package|x64
		Package|x86 = Package|x86
		Release|Any CPU = Release|Any CPU
		Release|ARM = Release|ARM
		Release|iPhone = Release|iPhone
		Release|iPhoneSimulator = Release|iPhoneSimulator
		Release|x64 = Release|x64
		Release|x86 = Release|x86
		Test|Any CPU = Test|Any CPU
		Test|ARM = Test|ARM
		Test|iPhone = Test|iPhone
		Test|iPhoneSimulator = Test|iPhoneSimulator
		Test|x64 = Test|x64
		Test|x86 = Test|x86
	EndGlobalSection
	GlobalSection(ProjectConfigurationPlatforms) = postSolution
		{05D97BF4-DB6C-4E87-8165-8998EE4C1FAE}.Ad-Hoc|Any CPU.ActiveCfg = Test|Any CPU
		{05D97BF4-DB6C-4E87-8165-8998EE4C1FAE}.Ad-Hoc|Any CPU.Build.0 = Test|Any CPU
		{05D97BF4-DB6C-4E87-8165-8998EE4C1FAE}.Ad-Hoc|ARM.ActiveCfg = Test|Any CPU
		{05D97BF4-DB6C-4E87-8165-8998EE4C1FAE}.Ad-Hoc|ARM.Build.0 = Test|Any CPU
		{05D97BF4-DB6C-4E87-8165-8998EE4C1FAE}.Ad-Hoc|iPhone.ActiveCfg = Test|Any CPU
		{05D97BF4-DB6C-4E87-8165-8998EE4C1FAE}.Ad-Hoc|iPhone.Build.0 = Test|Any CPU
		{05D97BF4-DB6C-4E87-8165-8998EE4C1FAE}.Ad-Hoc|iPhoneSimulator.ActiveCfg = Test|Any CPU
		{05D97BF4-DB6C-4E87-8165-8998EE4C1FAE}.Ad-Hoc|iPhoneSimulator.Build.0 = Test|Any CPU
		{05D97BF4-DB6C-4E87-8165-8998EE4C1FAE}.Ad-Hoc|x64.ActiveCfg = Test|Any CPU
		{05D97BF4-DB6C-4E87-8165-8998EE4C1FAE}.Ad-Hoc|x64.Build.0 = Test|Any CPU
		{05D97BF4-DB6C-4E87-8165-8998EE4C1FAE}.Ad-Hoc|x86.ActiveCfg = Test|Any CPU
		{05D97BF4-DB6C-4E87-8165-8998EE4C1FAE}.Ad-Hoc|x86.Build.0 = Test|Any CPU
		{05D97BF4-DB6C-4E87-8165-8998EE4C1FAE}.AppStore|Any CPU.ActiveCfg = Test|Any CPU
		{05D97BF4-DB6C-4E87-8165-8998EE4C1FAE}.AppStore|Any CPU.Build.0 = Test|Any CPU
		{05D97BF4-DB6C-4E87-8165-8998EE4C1FAE}.AppStore|ARM.ActiveCfg = Test|Any CPU
		{05D97BF4-DB6C-4E87-8165-8998EE4C1FAE}.AppStore|ARM.Build.0 = Test|Any CPU
		{05D97BF4-DB6C-4E87-8165-8998EE4C1FAE}.AppStore|iPhone.ActiveCfg = Test|Any CPU
		{05D97BF4-DB6C-4E87-8165-8998EE4C1FAE}.AppStore|iPhone.Build.0 = Test|Any CPU
		{05D97BF4-DB6C-4E87-8165-8998EE4C1FAE}.AppStore|iPhoneSimulator.ActiveCfg = Test|Any CPU
		{05D97BF4-DB6C-4E87-8165-8998EE4C1FAE}.AppStore|iPhoneSimulator.Build.0 = Test|Any CPU
		{05D97BF4-DB6C-4E87-8165-8998EE4C1FAE}.AppStore|x64.ActiveCfg = Test|Any CPU
		{05D97BF4-DB6C-4E87-8165-8998EE4C1FAE}.AppStore|x64.Build.0 = Test|Any CPU
		{05D97BF4-DB6C-4E87-8165-8998EE4C1FAE}.AppStore|x86.ActiveCfg = Test|Any CPU
		{05D97BF4-DB6C-4E87-8165-8998EE4C1FAE}.AppStore|x86.Build.0 = Test|Any CPU
		{05D97BF4-DB6C-4E87-8165-8998EE4C1FAE}.Debug|Any CPU.ActiveCfg = Debug|Any CPU
		{05D97BF4-DB6C-4E87-8165-8998EE4C1FAE}.Debug|Any CPU.Build.0 = Debug|Any CPU
		{05D97BF4-DB6C-4E87-8165-8998EE4C1FAE}.Debug|ARM.ActiveCfg = Debug|Any CPU
		{05D97BF4-DB6C-4E87-8165-8998EE4C1FAE}.Debug|ARM.Build.0 = Debug|Any CPU
		{05D97BF4-DB6C-4E87-8165-8998EE4C1FAE}.Debug|iPhone.ActiveCfg = Debug|Any CPU
		{05D97BF4-DB6C-4E87-8165-8998EE4C1FAE}.Debug|iPhone.Build.0 = Debug|Any CPU
		{05D97BF4-DB6C-4E87-8165-8998EE4C1FAE}.Debug|iPhoneSimulator.ActiveCfg = Debug|Any CPU
		{05D97BF4-DB6C-4E87-8165-8998EE4C1FAE}.Debug|iPhoneSimulator.Build.0 = Debug|Any CPU
		{05D97BF4-DB6C-4E87-8165-8998EE4C1FAE}.Debug|x64.ActiveCfg = Debug|Any CPU
		{05D97BF4-DB6C-4E87-8165-8998EE4C1FAE}.Debug|x64.Build.0 = Debug|Any CPU
		{05D97BF4-DB6C-4E87-8165-8998EE4C1FAE}.Debug|x86.ActiveCfg = Debug|Any CPU
		{05D97BF4-DB6C-4E87-8165-8998EE4C1FAE}.Debug|x86.Build.0 = Debug|Any CPU
		{05D97BF4-DB6C-4E87-8165-8998EE4C1FAE}.Package|Any CPU.ActiveCfg = Release|Any CPU
		{05D97BF4-DB6C-4E87-8165-8998EE4C1FAE}.Package|Any CPU.Build.0 = Release|Any CPU
		{05D97BF4-DB6C-4E87-8165-8998EE4C1FAE}.Package|ARM.ActiveCfg = Release|Any CPU
		{05D97BF4-DB6C-4E87-8165-8998EE4C1FAE}.Package|ARM.Build.0 = Release|Any CPU
		{05D97BF4-DB6C-4E87-8165-8998EE4C1FAE}.Package|iPhone.ActiveCfg = Release|Any CPU
		{05D97BF4-DB6C-4E87-8165-8998EE4C1FAE}.Package|iPhone.Build.0 = Release|Any CPU
		{05D97BF4-DB6C-4E87-8165-8998EE4C1FAE}.Package|iPhoneSimulator.ActiveCfg = Release|Any CPU
		{05D97BF4-DB6C-4E87-8165-8998EE4C1FAE}.Package|iPhoneSimulator.Build.0 = Release|Any CPU
		{05D97BF4-DB6C-4E87-8165-8998EE4C1FAE}.Package|x64.ActiveCfg = Release|Any CPU
		{05D97BF4-DB6C-4E87-8165-8998EE4C1FAE}.Package|x64.Build.0 = Release|Any CPU
		{05D97BF4-DB6C-4E87-8165-8998EE4C1FAE}.Package|x86.ActiveCfg = Release|Any CPU
		{05D97BF4-DB6C-4E87-8165-8998EE4C1FAE}.Package|x86.Build.0 = Release|Any CPU
		{05D97BF4-DB6C-4E87-8165-8998EE4C1FAE}.Release|Any CPU.ActiveCfg = Release|Any CPU
		{05D97BF4-DB6C-4E87-8165-8998EE4C1FAE}.Release|Any CPU.Build.0 = Release|Any CPU
		{05D97BF4-DB6C-4E87-8165-8998EE4C1FAE}.Release|ARM.ActiveCfg = Release|Any CPU
		{05D97BF4-DB6C-4E87-8165-8998EE4C1FAE}.Release|ARM.Build.0 = Release|Any CPU
		{05D97BF4-DB6C-4E87-8165-8998EE4C1FAE}.Release|iPhone.ActiveCfg = Release|Any CPU
		{05D97BF4-DB6C-4E87-8165-8998EE4C1FAE}.Release|iPhone.Build.0 = Release|Any CPU
		{05D97BF4-DB6C-4E87-8165-8998EE4C1FAE}.Release|iPhoneSimulator.ActiveCfg = Release|Any CPU
		{05D97BF4-DB6C-4E87-8165-8998EE4C1FAE}.Release|iPhoneSimulator.Build.0 = Release|Any CPU
		{05D97BF4-DB6C-4E87-8165-8998EE4C1FAE}.Release|x64.ActiveCfg = Release|Any CPU
		{05D97BF4-DB6C-4E87-8165-8998EE4C1FAE}.Release|x64.Build.0 = Release|Any CPU
		{05D97BF4-DB6C-4E87-8165-8998EE4C1FAE}.Release|x86.ActiveCfg = Release|Any CPU
		{05D97BF4-DB6C-4E87-8165-8998EE4C1FAE}.Release|x86.Build.0 = Release|Any CPU
		{05D97BF4-DB6C-4E87-8165-8998EE4C1FAE}.Test|Any CPU.ActiveCfg = Test|Any CPU
		{05D97BF4-DB6C-4E87-8165-8998EE4C1FAE}.Test|ARM.ActiveCfg = Test|Any CPU
		{05D97BF4-DB6C-4E87-8165-8998EE4C1FAE}.Test|ARM.Build.0 = Test|Any CPU
		{05D97BF4-DB6C-4E87-8165-8998EE4C1FAE}.Test|iPhone.ActiveCfg = Test|Any CPU
		{05D97BF4-DB6C-4E87-8165-8998EE4C1FAE}.Test|iPhone.Build.0 = Test|Any CPU
		{05D97BF4-DB6C-4E87-8165-8998EE4C1FAE}.Test|iPhoneSimulator.ActiveCfg = Test|Any CPU
		{05D97BF4-DB6C-4E87-8165-8998EE4C1FAE}.Test|iPhoneSimulator.Build.0 = Test|Any CPU
		{05D97BF4-DB6C-4E87-8165-8998EE4C1FAE}.Test|x64.ActiveCfg = Test|Any CPU
		{05D97BF4-DB6C-4E87-8165-8998EE4C1FAE}.Test|x64.Build.0 = Test|Any CPU
		{05D97BF4-DB6C-4E87-8165-8998EE4C1FAE}.Test|x86.ActiveCfg = Test|Any CPU
		{0F7AD86D-BEEE-4413-92DF-E3E142EB1794}.Ad-Hoc|Any CPU.ActiveCfg = Test|Any CPU
		{0F7AD86D-BEEE-4413-92DF-E3E142EB1794}.Ad-Hoc|Any CPU.Build.0 = Test|Any CPU
		{0F7AD86D-BEEE-4413-92DF-E3E142EB1794}.Ad-Hoc|Any CPU.Deploy.0 = Test|Any CPU
		{0F7AD86D-BEEE-4413-92DF-E3E142EB1794}.Ad-Hoc|ARM.ActiveCfg = Test|Any CPU
		{0F7AD86D-BEEE-4413-92DF-E3E142EB1794}.Ad-Hoc|ARM.Build.0 = Test|Any CPU
		{0F7AD86D-BEEE-4413-92DF-E3E142EB1794}.Ad-Hoc|ARM.Deploy.0 = Test|Any CPU
		{0F7AD86D-BEEE-4413-92DF-E3E142EB1794}.Ad-Hoc|iPhone.ActiveCfg = Test|Any CPU
		{0F7AD86D-BEEE-4413-92DF-E3E142EB1794}.Ad-Hoc|iPhone.Build.0 = Test|Any CPU
		{0F7AD86D-BEEE-4413-92DF-E3E142EB1794}.Ad-Hoc|iPhone.Deploy.0 = Test|Any CPU
		{0F7AD86D-BEEE-4413-92DF-E3E142EB1794}.Ad-Hoc|iPhoneSimulator.ActiveCfg = Test|Any CPU
		{0F7AD86D-BEEE-4413-92DF-E3E142EB1794}.Ad-Hoc|iPhoneSimulator.Build.0 = Test|Any CPU
		{0F7AD86D-BEEE-4413-92DF-E3E142EB1794}.Ad-Hoc|iPhoneSimulator.Deploy.0 = Test|Any CPU
		{0F7AD86D-BEEE-4413-92DF-E3E142EB1794}.Ad-Hoc|x64.ActiveCfg = Test|Any CPU
		{0F7AD86D-BEEE-4413-92DF-E3E142EB1794}.Ad-Hoc|x64.Build.0 = Test|Any CPU
		{0F7AD86D-BEEE-4413-92DF-E3E142EB1794}.Ad-Hoc|x64.Deploy.0 = Test|Any CPU
		{0F7AD86D-BEEE-4413-92DF-E3E142EB1794}.Ad-Hoc|x86.ActiveCfg = Test|Any CPU
		{0F7AD86D-BEEE-4413-92DF-E3E142EB1794}.Ad-Hoc|x86.Build.0 = Test|Any CPU
		{0F7AD86D-BEEE-4413-92DF-E3E142EB1794}.Ad-Hoc|x86.Deploy.0 = Test|Any CPU
		{0F7AD86D-BEEE-4413-92DF-E3E142EB1794}.AppStore|Any CPU.ActiveCfg = Test|Any CPU
		{0F7AD86D-BEEE-4413-92DF-E3E142EB1794}.AppStore|Any CPU.Build.0 = Test|Any CPU
		{0F7AD86D-BEEE-4413-92DF-E3E142EB1794}.AppStore|Any CPU.Deploy.0 = Test|Any CPU
		{0F7AD86D-BEEE-4413-92DF-E3E142EB1794}.AppStore|ARM.ActiveCfg = Test|Any CPU
		{0F7AD86D-BEEE-4413-92DF-E3E142EB1794}.AppStore|ARM.Build.0 = Test|Any CPU
		{0F7AD86D-BEEE-4413-92DF-E3E142EB1794}.AppStore|ARM.Deploy.0 = Test|Any CPU
		{0F7AD86D-BEEE-4413-92DF-E3E142EB1794}.AppStore|iPhone.ActiveCfg = Test|Any CPU
		{0F7AD86D-BEEE-4413-92DF-E3E142EB1794}.AppStore|iPhone.Build.0 = Test|Any CPU
		{0F7AD86D-BEEE-4413-92DF-E3E142EB1794}.AppStore|iPhone.Deploy.0 = Test|Any CPU
		{0F7AD86D-BEEE-4413-92DF-E3E142EB1794}.AppStore|iPhoneSimulator.ActiveCfg = Test|Any CPU
		{0F7AD86D-BEEE-4413-92DF-E3E142EB1794}.AppStore|iPhoneSimulator.Build.0 = Test|Any CPU
		{0F7AD86D-BEEE-4413-92DF-E3E142EB1794}.AppStore|iPhoneSimulator.Deploy.0 = Test|Any CPU
		{0F7AD86D-BEEE-4413-92DF-E3E142EB1794}.AppStore|x64.ActiveCfg = Test|Any CPU
		{0F7AD86D-BEEE-4413-92DF-E3E142EB1794}.AppStore|x64.Build.0 = Test|Any CPU
		{0F7AD86D-BEEE-4413-92DF-E3E142EB1794}.AppStore|x64.Deploy.0 = Test|Any CPU
		{0F7AD86D-BEEE-4413-92DF-E3E142EB1794}.AppStore|x86.ActiveCfg = Test|Any CPU
		{0F7AD86D-BEEE-4413-92DF-E3E142EB1794}.AppStore|x86.Build.0 = Test|Any CPU
		{0F7AD86D-BEEE-4413-92DF-E3E142EB1794}.AppStore|x86.Deploy.0 = Test|Any CPU
		{0F7AD86D-BEEE-4413-92DF-E3E142EB1794}.Debug|Any CPU.ActiveCfg = Debug|Any CPU
		{0F7AD86D-BEEE-4413-92DF-E3E142EB1794}.Debug|ARM.ActiveCfg = Debug|Any CPU
		{0F7AD86D-BEEE-4413-92DF-E3E142EB1794}.Debug|ARM.Build.0 = Debug|Any CPU
		{0F7AD86D-BEEE-4413-92DF-E3E142EB1794}.Debug|ARM.Deploy.0 = Debug|Any CPU
		{0F7AD86D-BEEE-4413-92DF-E3E142EB1794}.Debug|iPhone.ActiveCfg = Debug|Any CPU
		{0F7AD86D-BEEE-4413-92DF-E3E142EB1794}.Debug|iPhone.Build.0 = Debug|Any CPU
		{0F7AD86D-BEEE-4413-92DF-E3E142EB1794}.Debug|iPhone.Deploy.0 = Debug|Any CPU
		{0F7AD86D-BEEE-4413-92DF-E3E142EB1794}.Debug|iPhoneSimulator.ActiveCfg = Debug|Any CPU
		{0F7AD86D-BEEE-4413-92DF-E3E142EB1794}.Debug|iPhoneSimulator.Build.0 = Debug|Any CPU
		{0F7AD86D-BEEE-4413-92DF-E3E142EB1794}.Debug|iPhoneSimulator.Deploy.0 = Debug|Any CPU
		{0F7AD86D-BEEE-4413-92DF-E3E142EB1794}.Debug|x64.ActiveCfg = Debug|Any CPU
		{0F7AD86D-BEEE-4413-92DF-E3E142EB1794}.Debug|x64.Build.0 = Debug|Any CPU
		{0F7AD86D-BEEE-4413-92DF-E3E142EB1794}.Debug|x64.Deploy.0 = Debug|Any CPU
		{0F7AD86D-BEEE-4413-92DF-E3E142EB1794}.Debug|x86.ActiveCfg = Debug|Any CPU
		{0F7AD86D-BEEE-4413-92DF-E3E142EB1794}.Package|Any CPU.ActiveCfg = Release|Any CPU
		{0F7AD86D-BEEE-4413-92DF-E3E142EB1794}.Package|Any CPU.Build.0 = Release|Any CPU
		{0F7AD86D-BEEE-4413-92DF-E3E142EB1794}.Package|Any CPU.Deploy.0 = Release|Any CPU
		{0F7AD86D-BEEE-4413-92DF-E3E142EB1794}.Package|ARM.ActiveCfg = Release|Any CPU
		{0F7AD86D-BEEE-4413-92DF-E3E142EB1794}.Package|ARM.Build.0 = Release|Any CPU
		{0F7AD86D-BEEE-4413-92DF-E3E142EB1794}.Package|ARM.Deploy.0 = Release|Any CPU
		{0F7AD86D-BEEE-4413-92DF-E3E142EB1794}.Package|iPhone.ActiveCfg = Release|Any CPU
		{0F7AD86D-BEEE-4413-92DF-E3E142EB1794}.Package|iPhone.Build.0 = Release|Any CPU
		{0F7AD86D-BEEE-4413-92DF-E3E142EB1794}.Package|iPhone.Deploy.0 = Release|Any CPU
		{0F7AD86D-BEEE-4413-92DF-E3E142EB1794}.Package|iPhoneSimulator.ActiveCfg = Release|Any CPU
		{0F7AD86D-BEEE-4413-92DF-E3E142EB1794}.Package|iPhoneSimulator.Build.0 = Release|Any CPU
		{0F7AD86D-BEEE-4413-92DF-E3E142EB1794}.Package|iPhoneSimulator.Deploy.0 = Release|Any CPU
		{0F7AD86D-BEEE-4413-92DF-E3E142EB1794}.Package|x64.ActiveCfg = Release|Any CPU
		{0F7AD86D-BEEE-4413-92DF-E3E142EB1794}.Package|x64.Build.0 = Release|Any CPU
		{0F7AD86D-BEEE-4413-92DF-E3E142EB1794}.Package|x64.Deploy.0 = Release|Any CPU
		{0F7AD86D-BEEE-4413-92DF-E3E142EB1794}.Package|x86.ActiveCfg = Release|Any CPU
		{0F7AD86D-BEEE-4413-92DF-E3E142EB1794}.Package|x86.Build.0 = Release|Any CPU
		{0F7AD86D-BEEE-4413-92DF-E3E142EB1794}.Package|x86.Deploy.0 = Release|Any CPU
		{0F7AD86D-BEEE-4413-92DF-E3E142EB1794}.Release|Any CPU.ActiveCfg = Release|Any CPU
		{0F7AD86D-BEEE-4413-92DF-E3E142EB1794}.Release|Any CPU.Build.0 = Release|Any CPU
		{0F7AD86D-BEEE-4413-92DF-E3E142EB1794}.Release|Any CPU.Deploy.0 = Release|Any CPU
		{0F7AD86D-BEEE-4413-92DF-E3E142EB1794}.Release|ARM.ActiveCfg = Release|Any CPU
		{0F7AD86D-BEEE-4413-92DF-E3E142EB1794}.Release|ARM.Build.0 = Release|Any CPU
		{0F7AD86D-BEEE-4413-92DF-E3E142EB1794}.Release|ARM.Deploy.0 = Release|Any CPU
		{0F7AD86D-BEEE-4413-92DF-E3E142EB1794}.Release|iPhone.ActiveCfg = Release|Any CPU
		{0F7AD86D-BEEE-4413-92DF-E3E142EB1794}.Release|iPhoneSimulator.ActiveCfg = Release|Any CPU
		{0F7AD86D-BEEE-4413-92DF-E3E142EB1794}.Release|iPhoneSimulator.Build.0 = Release|Any CPU
		{0F7AD86D-BEEE-4413-92DF-E3E142EB1794}.Release|iPhoneSimulator.Deploy.0 = Release|Any CPU
		{0F7AD86D-BEEE-4413-92DF-E3E142EB1794}.Release|x64.ActiveCfg = Release|Any CPU
		{0F7AD86D-BEEE-4413-92DF-E3E142EB1794}.Release|x64.Build.0 = Release|Any CPU
		{0F7AD86D-BEEE-4413-92DF-E3E142EB1794}.Release|x64.Deploy.0 = Release|Any CPU
		{0F7AD86D-BEEE-4413-92DF-E3E142EB1794}.Release|x86.ActiveCfg = Release|Any CPU
		{0F7AD86D-BEEE-4413-92DF-E3E142EB1794}.Release|x86.Build.0 = Release|Any CPU
		{0F7AD86D-BEEE-4413-92DF-E3E142EB1794}.Release|x86.Deploy.0 = Release|Any CPU
		{0F7AD86D-BEEE-4413-92DF-E3E142EB1794}.Test|Any CPU.ActiveCfg = Test|Any CPU
		{0F7AD86D-BEEE-4413-92DF-E3E142EB1794}.Test|ARM.ActiveCfg = Test|Any CPU
		{0F7AD86D-BEEE-4413-92DF-E3E142EB1794}.Test|ARM.Build.0 = Test|Any CPU
		{0F7AD86D-BEEE-4413-92DF-E3E142EB1794}.Test|ARM.Deploy.0 = Test|Any CPU
		{0F7AD86D-BEEE-4413-92DF-E3E142EB1794}.Test|iPhone.ActiveCfg = Test|Any CPU
		{0F7AD86D-BEEE-4413-92DF-E3E142EB1794}.Test|iPhone.Build.0 = Test|Any CPU
		{0F7AD86D-BEEE-4413-92DF-E3E142EB1794}.Test|iPhone.Deploy.0 = Test|Any CPU
		{0F7AD86D-BEEE-4413-92DF-E3E142EB1794}.Test|iPhoneSimulator.ActiveCfg = Test|Any CPU
		{0F7AD86D-BEEE-4413-92DF-E3E142EB1794}.Test|iPhoneSimulator.Build.0 = Test|Any CPU
		{0F7AD86D-BEEE-4413-92DF-E3E142EB1794}.Test|iPhoneSimulator.Deploy.0 = Test|Any CPU
		{0F7AD86D-BEEE-4413-92DF-E3E142EB1794}.Test|x64.ActiveCfg = Test|Any CPU
		{0F7AD86D-BEEE-4413-92DF-E3E142EB1794}.Test|x64.Build.0 = Test|Any CPU
		{0F7AD86D-BEEE-4413-92DF-E3E142EB1794}.Test|x64.Deploy.0 = Test|Any CPU
		{0F7AD86D-BEEE-4413-92DF-E3E142EB1794}.Test|x86.ActiveCfg = Test|Any CPU
		{8F77F972-5005-42E1-A96E-11B1737C41D5}.Ad-Hoc|Any CPU.ActiveCfg = Test|Any CPU
		{8F77F972-5005-42E1-A96E-11B1737C41D5}.Ad-Hoc|Any CPU.Build.0 = Test|Any CPU
		{8F77F972-5005-42E1-A96E-11B1737C41D5}.Ad-Hoc|ARM.ActiveCfg = Test|Any CPU
		{8F77F972-5005-42E1-A96E-11B1737C41D5}.Ad-Hoc|ARM.Build.0 = Test|Any CPU
		{8F77F972-5005-42E1-A96E-11B1737C41D5}.Ad-Hoc|iPhone.ActiveCfg = Test|Any CPU
		{8F77F972-5005-42E1-A96E-11B1737C41D5}.Ad-Hoc|iPhone.Build.0 = Test|Any CPU
		{8F77F972-5005-42E1-A96E-11B1737C41D5}.Ad-Hoc|iPhoneSimulator.ActiveCfg = Test|Any CPU
		{8F77F972-5005-42E1-A96E-11B1737C41D5}.Ad-Hoc|iPhoneSimulator.Build.0 = Test|Any CPU
		{8F77F972-5005-42E1-A96E-11B1737C41D5}.Ad-Hoc|x64.ActiveCfg = Test|Any CPU
		{8F77F972-5005-42E1-A96E-11B1737C41D5}.Ad-Hoc|x64.Build.0 = Test|Any CPU
		{8F77F972-5005-42E1-A96E-11B1737C41D5}.Ad-Hoc|x86.ActiveCfg = Test|Any CPU
		{8F77F972-5005-42E1-A96E-11B1737C41D5}.Ad-Hoc|x86.Build.0 = Test|Any CPU
		{8F77F972-5005-42E1-A96E-11B1737C41D5}.AppStore|Any CPU.ActiveCfg = Test|Any CPU
		{8F77F972-5005-42E1-A96E-11B1737C41D5}.AppStore|Any CPU.Build.0 = Test|Any CPU
		{8F77F972-5005-42E1-A96E-11B1737C41D5}.AppStore|ARM.ActiveCfg = Test|Any CPU
		{8F77F972-5005-42E1-A96E-11B1737C41D5}.AppStore|ARM.Build.0 = Test|Any CPU
		{8F77F972-5005-42E1-A96E-11B1737C41D5}.AppStore|iPhone.ActiveCfg = Test|Any CPU
		{8F77F972-5005-42E1-A96E-11B1737C41D5}.AppStore|iPhone.Build.0 = Test|Any CPU
		{8F77F972-5005-42E1-A96E-11B1737C41D5}.AppStore|iPhoneSimulator.ActiveCfg = Test|Any CPU
		{8F77F972-5005-42E1-A96E-11B1737C41D5}.AppStore|iPhoneSimulator.Build.0 = Test|Any CPU
		{8F77F972-5005-42E1-A96E-11B1737C41D5}.AppStore|x64.ActiveCfg = Test|Any CPU
		{8F77F972-5005-42E1-A96E-11B1737C41D5}.AppStore|x64.Build.0 = Test|Any CPU
		{8F77F972-5005-42E1-A96E-11B1737C41D5}.AppStore|x86.ActiveCfg = Test|Any CPU
		{8F77F972-5005-42E1-A96E-11B1737C41D5}.AppStore|x86.Build.0 = Test|Any CPU
		{8F77F972-5005-42E1-A96E-11B1737C41D5}.Debug|Any CPU.ActiveCfg = Debug|Any CPU
		{8F77F972-5005-42E1-A96E-11B1737C41D5}.Debug|Any CPU.Build.0 = Debug|Any CPU
		{8F77F972-5005-42E1-A96E-11B1737C41D5}.Debug|ARM.ActiveCfg = Debug|Any CPU
		{8F77F972-5005-42E1-A96E-11B1737C41D5}.Debug|ARM.Build.0 = Debug|Any CPU
		{8F77F972-5005-42E1-A96E-11B1737C41D5}.Debug|iPhone.ActiveCfg = Debug|Any CPU
		{8F77F972-5005-42E1-A96E-11B1737C41D5}.Debug|iPhone.Build.0 = Debug|Any CPU
		{8F77F972-5005-42E1-A96E-11B1737C41D5}.Debug|iPhoneSimulator.ActiveCfg = Debug|Any CPU
		{8F77F972-5005-42E1-A96E-11B1737C41D5}.Debug|iPhoneSimulator.Build.0 = Debug|Any CPU
		{8F77F972-5005-42E1-A96E-11B1737C41D5}.Debug|x64.ActiveCfg = Debug|Any CPU
		{8F77F972-5005-42E1-A96E-11B1737C41D5}.Debug|x64.Build.0 = Debug|Any CPU
		{8F77F972-5005-42E1-A96E-11B1737C41D5}.Debug|x86.ActiveCfg = Debug|Any CPU
		{8F77F972-5005-42E1-A96E-11B1737C41D5}.Debug|x86.Build.0 = Debug|Any CPU
		{8F77F972-5005-42E1-A96E-11B1737C41D5}.Package|Any CPU.ActiveCfg = Release|Any CPU
		{8F77F972-5005-42E1-A96E-11B1737C41D5}.Package|Any CPU.Build.0 = Release|Any CPU
		{8F77F972-5005-42E1-A96E-11B1737C41D5}.Package|ARM.ActiveCfg = Release|Any CPU
		{8F77F972-5005-42E1-A96E-11B1737C41D5}.Package|ARM.Build.0 = Release|Any CPU
		{8F77F972-5005-42E1-A96E-11B1737C41D5}.Package|iPhone.ActiveCfg = Release|Any CPU
		{8F77F972-5005-42E1-A96E-11B1737C41D5}.Package|iPhone.Build.0 = Release|Any CPU
		{8F77F972-5005-42E1-A96E-11B1737C41D5}.Package|iPhoneSimulator.ActiveCfg = Release|Any CPU
		{8F77F972-5005-42E1-A96E-11B1737C41D5}.Package|iPhoneSimulator.Build.0 = Release|Any CPU
		{8F77F972-5005-42E1-A96E-11B1737C41D5}.Package|x64.ActiveCfg = Release|Any CPU
		{8F77F972-5005-42E1-A96E-11B1737C41D5}.Package|x64.Build.0 = Release|Any CPU
		{8F77F972-5005-42E1-A96E-11B1737C41D5}.Package|x86.ActiveCfg = Release|Any CPU
		{8F77F972-5005-42E1-A96E-11B1737C41D5}.Package|x86.Build.0 = Release|Any CPU
		{8F77F972-5005-42E1-A96E-11B1737C41D5}.Release|Any CPU.ActiveCfg = Release|Any CPU
		{8F77F972-5005-42E1-A96E-11B1737C41D5}.Release|Any CPU.Build.0 = Release|Any CPU
		{8F77F972-5005-42E1-A96E-11B1737C41D5}.Release|ARM.ActiveCfg = Release|Any CPU
		{8F77F972-5005-42E1-A96E-11B1737C41D5}.Release|ARM.Build.0 = Release|Any CPU
		{8F77F972-5005-42E1-A96E-11B1737C41D5}.Release|iPhone.ActiveCfg = Release|Any CPU
		{8F77F972-5005-42E1-A96E-11B1737C41D5}.Release|iPhone.Build.0 = Release|Any CPU
		{8F77F972-5005-42E1-A96E-11B1737C41D5}.Release|iPhoneSimulator.ActiveCfg = Release|Any CPU
		{8F77F972-5005-42E1-A96E-11B1737C41D5}.Release|iPhoneSimulator.Build.0 = Release|Any CPU
		{8F77F972-5005-42E1-A96E-11B1737C41D5}.Release|x64.ActiveCfg = Release|Any CPU
		{8F77F972-5005-42E1-A96E-11B1737C41D5}.Release|x64.Build.0 = Release|Any CPU
		{8F77F972-5005-42E1-A96E-11B1737C41D5}.Release|x86.ActiveCfg = Release|Any CPU
		{8F77F972-5005-42E1-A96E-11B1737C41D5}.Release|x86.Build.0 = Release|Any CPU
		{8F77F972-5005-42E1-A96E-11B1737C41D5}.Test|Any CPU.ActiveCfg = Test|Any CPU
		{8F77F972-5005-42E1-A96E-11B1737C41D5}.Test|Any CPU.Build.0 = Test|Any CPU
		{8F77F972-5005-42E1-A96E-11B1737C41D5}.Test|ARM.ActiveCfg = Test|Any CPU
		{8F77F972-5005-42E1-A96E-11B1737C41D5}.Test|ARM.Build.0 = Test|Any CPU
		{8F77F972-5005-42E1-A96E-11B1737C41D5}.Test|iPhone.ActiveCfg = Test|Any CPU
		{8F77F972-5005-42E1-A96E-11B1737C41D5}.Test|iPhone.Build.0 = Test|Any CPU
		{8F77F972-5005-42E1-A96E-11B1737C41D5}.Test|iPhoneSimulator.ActiveCfg = Test|Any CPU
		{8F77F972-5005-42E1-A96E-11B1737C41D5}.Test|iPhoneSimulator.Build.0 = Test|Any CPU
		{8F77F972-5005-42E1-A96E-11B1737C41D5}.Test|x64.ActiveCfg = Test|Any CPU
		{8F77F972-5005-42E1-A96E-11B1737C41D5}.Test|x64.Build.0 = Test|Any CPU
		{8F77F972-5005-42E1-A96E-11B1737C41D5}.Test|x86.ActiveCfg = Test|Any CPU
		{8F77F972-5005-42E1-A96E-11B1737C41D5}.Test|x86.Build.0 = Test|Any CPU
		{28055E9F-21D8-4008-B617-455EA94F9E78}.Ad-Hoc|Any CPU.ActiveCfg = Test|Any CPU
		{28055E9F-21D8-4008-B617-455EA94F9E78}.Ad-Hoc|Any CPU.Build.0 = Test|Any CPU
		{28055E9F-21D8-4008-B617-455EA94F9E78}.Ad-Hoc|ARM.ActiveCfg = Test|Any CPU
		{28055E9F-21D8-4008-B617-455EA94F9E78}.Ad-Hoc|ARM.Build.0 = Test|Any CPU
		{28055E9F-21D8-4008-B617-455EA94F9E78}.Ad-Hoc|iPhone.ActiveCfg = Test|Any CPU
		{28055E9F-21D8-4008-B617-455EA94F9E78}.Ad-Hoc|iPhone.Build.0 = Test|Any CPU
		{28055E9F-21D8-4008-B617-455EA94F9E78}.Ad-Hoc|iPhoneSimulator.ActiveCfg = Test|Any CPU
		{28055E9F-21D8-4008-B617-455EA94F9E78}.Ad-Hoc|iPhoneSimulator.Build.0 = Test|Any CPU
		{28055E9F-21D8-4008-B617-455EA94F9E78}.Ad-Hoc|x64.ActiveCfg = Test|Any CPU
		{28055E9F-21D8-4008-B617-455EA94F9E78}.Ad-Hoc|x64.Build.0 = Test|Any CPU
		{28055E9F-21D8-4008-B617-455EA94F9E78}.Ad-Hoc|x86.ActiveCfg = Test|Any CPU
		{28055E9F-21D8-4008-B617-455EA94F9E78}.Ad-Hoc|x86.Build.0 = Test|Any CPU
		{28055E9F-21D8-4008-B617-455EA94F9E78}.AppStore|Any CPU.ActiveCfg = Test|Any CPU
		{28055E9F-21D8-4008-B617-455EA94F9E78}.AppStore|Any CPU.Build.0 = Test|Any CPU
		{28055E9F-21D8-4008-B617-455EA94F9E78}.AppStore|ARM.ActiveCfg = Test|Any CPU
		{28055E9F-21D8-4008-B617-455EA94F9E78}.AppStore|ARM.Build.0 = Test|Any CPU
		{28055E9F-21D8-4008-B617-455EA94F9E78}.AppStore|iPhone.ActiveCfg = Test|Any CPU
		{28055E9F-21D8-4008-B617-455EA94F9E78}.AppStore|iPhone.Build.0 = Test|Any CPU
		{28055E9F-21D8-4008-B617-455EA94F9E78}.AppStore|iPhoneSimulator.ActiveCfg = Test|Any CPU
		{28055E9F-21D8-4008-B617-455EA94F9E78}.AppStore|iPhoneSimulator.Build.0 = Test|Any CPU
		{28055E9F-21D8-4008-B617-455EA94F9E78}.AppStore|x64.ActiveCfg = Test|Any CPU
		{28055E9F-21D8-4008-B617-455EA94F9E78}.AppStore|x64.Build.0 = Test|Any CPU
		{28055E9F-21D8-4008-B617-455EA94F9E78}.AppStore|x86.ActiveCfg = Test|Any CPU
		{28055E9F-21D8-4008-B617-455EA94F9E78}.AppStore|x86.Build.0 = Test|Any CPU
		{28055E9F-21D8-4008-B617-455EA94F9E78}.Debug|Any CPU.ActiveCfg = Debug|Any CPU
		{28055E9F-21D8-4008-B617-455EA94F9E78}.Debug|Any CPU.Build.0 = Debug|Any CPU
		{28055E9F-21D8-4008-B617-455EA94F9E78}.Debug|ARM.ActiveCfg = Debug|Any CPU
		{28055E9F-21D8-4008-B617-455EA94F9E78}.Debug|ARM.Build.0 = Debug|Any CPU
		{28055E9F-21D8-4008-B617-455EA94F9E78}.Debug|iPhone.ActiveCfg = Debug|Any CPU
		{28055E9F-21D8-4008-B617-455EA94F9E78}.Debug|iPhone.Build.0 = Debug|Any CPU
		{28055E9F-21D8-4008-B617-455EA94F9E78}.Debug|iPhoneSimulator.ActiveCfg = Debug|Any CPU
		{28055E9F-21D8-4008-B617-455EA94F9E78}.Debug|iPhoneSimulator.Build.0 = Debug|Any CPU
		{28055E9F-21D8-4008-B617-455EA94F9E78}.Debug|x64.ActiveCfg = Debug|Any CPU
		{28055E9F-21D8-4008-B617-455EA94F9E78}.Debug|x64.Build.0 = Debug|Any CPU
		{28055E9F-21D8-4008-B617-455EA94F9E78}.Debug|x86.ActiveCfg = Debug|Any CPU
		{28055E9F-21D8-4008-B617-455EA94F9E78}.Debug|x86.Build.0 = Debug|Any CPU
		{28055E9F-21D8-4008-B617-455EA94F9E78}.Package|Any CPU.ActiveCfg = Release|Any CPU
		{28055E9F-21D8-4008-B617-455EA94F9E78}.Package|Any CPU.Build.0 = Release|Any CPU
		{28055E9F-21D8-4008-B617-455EA94F9E78}.Package|ARM.ActiveCfg = Release|Any CPU
		{28055E9F-21D8-4008-B617-455EA94F9E78}.Package|ARM.Build.0 = Release|Any CPU
		{28055E9F-21D8-4008-B617-455EA94F9E78}.Package|iPhone.ActiveCfg = Release|Any CPU
		{28055E9F-21D8-4008-B617-455EA94F9E78}.Package|iPhone.Build.0 = Release|Any CPU
		{28055E9F-21D8-4008-B617-455EA94F9E78}.Package|iPhoneSimulator.ActiveCfg = Release|Any CPU
		{28055E9F-21D8-4008-B617-455EA94F9E78}.Package|iPhoneSimulator.Build.0 = Release|Any CPU
		{28055E9F-21D8-4008-B617-455EA94F9E78}.Package|x64.ActiveCfg = Release|Any CPU
		{28055E9F-21D8-4008-B617-455EA94F9E78}.Package|x64.Build.0 = Release|Any CPU
		{28055E9F-21D8-4008-B617-455EA94F9E78}.Package|x86.ActiveCfg = Release|Any CPU
		{28055E9F-21D8-4008-B617-455EA94F9E78}.Package|x86.Build.0 = Release|Any CPU
		{28055E9F-21D8-4008-B617-455EA94F9E78}.Release|Any CPU.ActiveCfg = Release|Any CPU
		{28055E9F-21D8-4008-B617-455EA94F9E78}.Release|Any CPU.Build.0 = Release|Any CPU
		{28055E9F-21D8-4008-B617-455EA94F9E78}.Release|ARM.ActiveCfg = Release|Any CPU
		{28055E9F-21D8-4008-B617-455EA94F9E78}.Release|ARM.Build.0 = Release|Any CPU
		{28055E9F-21D8-4008-B617-455EA94F9E78}.Release|iPhone.ActiveCfg = Release|Any CPU
		{28055E9F-21D8-4008-B617-455EA94F9E78}.Release|iPhone.Build.0 = Release|Any CPU
		{28055E9F-21D8-4008-B617-455EA94F9E78}.Release|iPhoneSimulator.ActiveCfg = Release|Any CPU
		{28055E9F-21D8-4008-B617-455EA94F9E78}.Release|iPhoneSimulator.Build.0 = Release|Any CPU
		{28055E9F-21D8-4008-B617-455EA94F9E78}.Release|x64.ActiveCfg = Release|Any CPU
		{28055E9F-21D8-4008-B617-455EA94F9E78}.Release|x64.Build.0 = Release|Any CPU
		{28055E9F-21D8-4008-B617-455EA94F9E78}.Release|x86.ActiveCfg = Release|Any CPU
		{28055E9F-21D8-4008-B617-455EA94F9E78}.Release|x86.Build.0 = Release|Any CPU
		{28055E9F-21D8-4008-B617-455EA94F9E78}.Test|Any CPU.ActiveCfg = Test|Any CPU
		{28055E9F-21D8-4008-B617-455EA94F9E78}.Test|Any CPU.Build.0 = Test|Any CPU
		{28055E9F-21D8-4008-B617-455EA94F9E78}.Test|ARM.ActiveCfg = Test|Any CPU
		{28055E9F-21D8-4008-B617-455EA94F9E78}.Test|ARM.Build.0 = Test|Any CPU
		{28055E9F-21D8-4008-B617-455EA94F9E78}.Test|iPhone.ActiveCfg = Test|Any CPU
		{28055E9F-21D8-4008-B617-455EA94F9E78}.Test|iPhone.Build.0 = Test|Any CPU
		{28055E9F-21D8-4008-B617-455EA94F9E78}.Test|iPhoneSimulator.ActiveCfg = Test|Any CPU
		{28055E9F-21D8-4008-B617-455EA94F9E78}.Test|iPhoneSimulator.Build.0 = Test|Any CPU
		{28055E9F-21D8-4008-B617-455EA94F9E78}.Test|x64.ActiveCfg = Test|Any CPU
		{28055E9F-21D8-4008-B617-455EA94F9E78}.Test|x64.Build.0 = Test|Any CPU
		{28055E9F-21D8-4008-B617-455EA94F9E78}.Test|x86.ActiveCfg = Test|Any CPU
		{28055E9F-21D8-4008-B617-455EA94F9E78}.Test|x86.Build.0 = Test|Any CPU
		{1F6D9BF0-B573-4634-9939-62AF1AAE1557}.Ad-Hoc|Any CPU.ActiveCfg = Test|Any CPU
		{1F6D9BF0-B573-4634-9939-62AF1AAE1557}.Ad-Hoc|Any CPU.Build.0 = Test|Any CPU
		{1F6D9BF0-B573-4634-9939-62AF1AAE1557}.Ad-Hoc|ARM.ActiveCfg = Test|Any CPU
		{1F6D9BF0-B573-4634-9939-62AF1AAE1557}.Ad-Hoc|ARM.Build.0 = Test|Any CPU
		{1F6D9BF0-B573-4634-9939-62AF1AAE1557}.Ad-Hoc|iPhone.ActiveCfg = Test|Any CPU
		{1F6D9BF0-B573-4634-9939-62AF1AAE1557}.Ad-Hoc|iPhone.Build.0 = Test|Any CPU
		{1F6D9BF0-B573-4634-9939-62AF1AAE1557}.Ad-Hoc|iPhoneSimulator.ActiveCfg = Test|Any CPU
		{1F6D9BF0-B573-4634-9939-62AF1AAE1557}.Ad-Hoc|iPhoneSimulator.Build.0 = Test|Any CPU
		{1F6D9BF0-B573-4634-9939-62AF1AAE1557}.Ad-Hoc|x64.ActiveCfg = Test|Any CPU
		{1F6D9BF0-B573-4634-9939-62AF1AAE1557}.Ad-Hoc|x64.Build.0 = Test|Any CPU
		{1F6D9BF0-B573-4634-9939-62AF1AAE1557}.Ad-Hoc|x86.ActiveCfg = Test|Any CPU
		{1F6D9BF0-B573-4634-9939-62AF1AAE1557}.Ad-Hoc|x86.Build.0 = Test|Any CPU
		{1F6D9BF0-B573-4634-9939-62AF1AAE1557}.AppStore|Any CPU.ActiveCfg = Test|Any CPU
		{1F6D9BF0-B573-4634-9939-62AF1AAE1557}.AppStore|Any CPU.Build.0 = Test|Any CPU
		{1F6D9BF0-B573-4634-9939-62AF1AAE1557}.AppStore|ARM.ActiveCfg = Test|Any CPU
		{1F6D9BF0-B573-4634-9939-62AF1AAE1557}.AppStore|ARM.Build.0 = Test|Any CPU
		{1F6D9BF0-B573-4634-9939-62AF1AAE1557}.AppStore|iPhone.ActiveCfg = Test|Any CPU
		{1F6D9BF0-B573-4634-9939-62AF1AAE1557}.AppStore|iPhone.Build.0 = Test|Any CPU
		{1F6D9BF0-B573-4634-9939-62AF1AAE1557}.AppStore|iPhoneSimulator.ActiveCfg = Test|Any CPU
		{1F6D9BF0-B573-4634-9939-62AF1AAE1557}.AppStore|iPhoneSimulator.Build.0 = Test|Any CPU
		{1F6D9BF0-B573-4634-9939-62AF1AAE1557}.AppStore|x64.ActiveCfg = Test|Any CPU
		{1F6D9BF0-B573-4634-9939-62AF1AAE1557}.AppStore|x64.Build.0 = Test|Any CPU
		{1F6D9BF0-B573-4634-9939-62AF1AAE1557}.AppStore|x86.ActiveCfg = Test|Any CPU
		{1F6D9BF0-B573-4634-9939-62AF1AAE1557}.AppStore|x86.Build.0 = Test|Any CPU
		{1F6D9BF0-B573-4634-9939-62AF1AAE1557}.Debug|Any CPU.ActiveCfg = Debug|Any CPU
		{1F6D9BF0-B573-4634-9939-62AF1AAE1557}.Debug|Any CPU.Build.0 = Debug|Any CPU
		{1F6D9BF0-B573-4634-9939-62AF1AAE1557}.Debug|ARM.ActiveCfg = Debug|Any CPU
		{1F6D9BF0-B573-4634-9939-62AF1AAE1557}.Debug|ARM.Build.0 = Debug|Any CPU
		{1F6D9BF0-B573-4634-9939-62AF1AAE1557}.Debug|iPhone.ActiveCfg = Debug|Any CPU
		{1F6D9BF0-B573-4634-9939-62AF1AAE1557}.Debug|iPhone.Build.0 = Debug|Any CPU
		{1F6D9BF0-B573-4634-9939-62AF1AAE1557}.Debug|iPhoneSimulator.ActiveCfg = Debug|Any CPU
		{1F6D9BF0-B573-4634-9939-62AF1AAE1557}.Debug|iPhoneSimulator.Build.0 = Debug|Any CPU
		{1F6D9BF0-B573-4634-9939-62AF1AAE1557}.Debug|x64.ActiveCfg = Debug|Any CPU
		{1F6D9BF0-B573-4634-9939-62AF1AAE1557}.Debug|x64.Build.0 = Debug|Any CPU
		{1F6D9BF0-B573-4634-9939-62AF1AAE1557}.Debug|x86.ActiveCfg = Debug|Any CPU
		{1F6D9BF0-B573-4634-9939-62AF1AAE1557}.Debug|x86.Build.0 = Debug|Any CPU
		{1F6D9BF0-B573-4634-9939-62AF1AAE1557}.Package|Any CPU.ActiveCfg = Release|Any CPU
		{1F6D9BF0-B573-4634-9939-62AF1AAE1557}.Package|Any CPU.Build.0 = Release|Any CPU
		{1F6D9BF0-B573-4634-9939-62AF1AAE1557}.Package|ARM.ActiveCfg = Release|Any CPU
		{1F6D9BF0-B573-4634-9939-62AF1AAE1557}.Package|ARM.Build.0 = Release|Any CPU
		{1F6D9BF0-B573-4634-9939-62AF1AAE1557}.Package|iPhone.ActiveCfg = Release|Any CPU
		{1F6D9BF0-B573-4634-9939-62AF1AAE1557}.Package|iPhone.Build.0 = Release|Any CPU
		{1F6D9BF0-B573-4634-9939-62AF1AAE1557}.Package|iPhoneSimulator.ActiveCfg = Release|Any CPU
		{1F6D9BF0-B573-4634-9939-62AF1AAE1557}.Package|iPhoneSimulator.Build.0 = Release|Any CPU
		{1F6D9BF0-B573-4634-9939-62AF1AAE1557}.Package|x64.ActiveCfg = Release|Any CPU
		{1F6D9BF0-B573-4634-9939-62AF1AAE1557}.Package|x64.Build.0 = Release|Any CPU
		{1F6D9BF0-B573-4634-9939-62AF1AAE1557}.Package|x86.ActiveCfg = Release|Any CPU
		{1F6D9BF0-B573-4634-9939-62AF1AAE1557}.Package|x86.Build.0 = Release|Any CPU
		{1F6D9BF0-B573-4634-9939-62AF1AAE1557}.Release|Any CPU.ActiveCfg = Release|Any CPU
		{1F6D9BF0-B573-4634-9939-62AF1AAE1557}.Release|Any CPU.Build.0 = Release|Any CPU
		{1F6D9BF0-B573-4634-9939-62AF1AAE1557}.Release|ARM.ActiveCfg = Release|Any CPU
		{1F6D9BF0-B573-4634-9939-62AF1AAE1557}.Release|ARM.Build.0 = Release|Any CPU
		{1F6D9BF0-B573-4634-9939-62AF1AAE1557}.Release|iPhone.ActiveCfg = Release|Any CPU
		{1F6D9BF0-B573-4634-9939-62AF1AAE1557}.Release|iPhoneSimulator.ActiveCfg = Release|Any CPU
		{1F6D9BF0-B573-4634-9939-62AF1AAE1557}.Release|iPhoneSimulator.Build.0 = Release|Any CPU
		{1F6D9BF0-B573-4634-9939-62AF1AAE1557}.Release|x64.ActiveCfg = Release|Any CPU
		{1F6D9BF0-B573-4634-9939-62AF1AAE1557}.Release|x64.Build.0 = Release|Any CPU
		{1F6D9BF0-B573-4634-9939-62AF1AAE1557}.Release|x86.ActiveCfg = Release|Any CPU
		{1F6D9BF0-B573-4634-9939-62AF1AAE1557}.Release|x86.Build.0 = Release|Any CPU
		{1F6D9BF0-B573-4634-9939-62AF1AAE1557}.Test|Any CPU.ActiveCfg = Test|Any CPU
		{1F6D9BF0-B573-4634-9939-62AF1AAE1557}.Test|Any CPU.Build.0 = Test|Any CPU
		{1F6D9BF0-B573-4634-9939-62AF1AAE1557}.Test|ARM.ActiveCfg = Test|Any CPU
		{1F6D9BF0-B573-4634-9939-62AF1AAE1557}.Test|ARM.Build.0 = Test|Any CPU
		{1F6D9BF0-B573-4634-9939-62AF1AAE1557}.Test|iPhone.ActiveCfg = Test|Any CPU
		{1F6D9BF0-B573-4634-9939-62AF1AAE1557}.Test|iPhone.Build.0 = Test|Any CPU
		{1F6D9BF0-B573-4634-9939-62AF1AAE1557}.Test|iPhoneSimulator.ActiveCfg = Test|Any CPU
		{1F6D9BF0-B573-4634-9939-62AF1AAE1557}.Test|iPhoneSimulator.Build.0 = Test|Any CPU
		{1F6D9BF0-B573-4634-9939-62AF1AAE1557}.Test|x64.ActiveCfg = Test|Any CPU
		{1F6D9BF0-B573-4634-9939-62AF1AAE1557}.Test|x64.Build.0 = Test|Any CPU
		{1F6D9BF0-B573-4634-9939-62AF1AAE1557}.Test|x86.ActiveCfg = Test|Any CPU
		{1F6D9BF0-B573-4634-9939-62AF1AAE1557}.Test|x86.Build.0 = Test|Any CPU
		{D3B08832-C0BF-4182-98F5-2364C13A9D19}.Ad-Hoc|Any CPU.ActiveCfg = Release|x64
		{D3B08832-C0BF-4182-98F5-2364C13A9D19}.Ad-Hoc|Any CPU.Build.0 = Release|x64
		{D3B08832-C0BF-4182-98F5-2364C13A9D19}.Ad-Hoc|Any CPU.Deploy.0 = Release|x64
		{D3B08832-C0BF-4182-98F5-2364C13A9D19}.Ad-Hoc|ARM.ActiveCfg = Release|ARM
		{D3B08832-C0BF-4182-98F5-2364C13A9D19}.Ad-Hoc|ARM.Build.0 = Release|ARM
		{D3B08832-C0BF-4182-98F5-2364C13A9D19}.Ad-Hoc|ARM.Deploy.0 = Release|ARM
		{D3B08832-C0BF-4182-98F5-2364C13A9D19}.Ad-Hoc|iPhone.ActiveCfg = Release|x64
		{D3B08832-C0BF-4182-98F5-2364C13A9D19}.Ad-Hoc|iPhone.Build.0 = Release|x64
		{D3B08832-C0BF-4182-98F5-2364C13A9D19}.Ad-Hoc|iPhone.Deploy.0 = Release|x64
		{D3B08832-C0BF-4182-98F5-2364C13A9D19}.Ad-Hoc|iPhoneSimulator.ActiveCfg = Release|x64
		{D3B08832-C0BF-4182-98F5-2364C13A9D19}.Ad-Hoc|iPhoneSimulator.Build.0 = Release|x64
		{D3B08832-C0BF-4182-98F5-2364C13A9D19}.Ad-Hoc|iPhoneSimulator.Deploy.0 = Release|x64
		{D3B08832-C0BF-4182-98F5-2364C13A9D19}.Ad-Hoc|x64.ActiveCfg = Release|x64
		{D3B08832-C0BF-4182-98F5-2364C13A9D19}.Ad-Hoc|x64.Build.0 = Release|x64
		{D3B08832-C0BF-4182-98F5-2364C13A9D19}.Ad-Hoc|x64.Deploy.0 = Release|x64
		{D3B08832-C0BF-4182-98F5-2364C13A9D19}.Ad-Hoc|x86.ActiveCfg = Release|x86
		{D3B08832-C0BF-4182-98F5-2364C13A9D19}.Ad-Hoc|x86.Build.0 = Release|x86
		{D3B08832-C0BF-4182-98F5-2364C13A9D19}.Ad-Hoc|x86.Deploy.0 = Release|x86
		{D3B08832-C0BF-4182-98F5-2364C13A9D19}.AppStore|Any CPU.ActiveCfg = Release|x64
		{D3B08832-C0BF-4182-98F5-2364C13A9D19}.AppStore|Any CPU.Build.0 = Release|x64
		{D3B08832-C0BF-4182-98F5-2364C13A9D19}.AppStore|Any CPU.Deploy.0 = Release|x64
		{D3B08832-C0BF-4182-98F5-2364C13A9D19}.AppStore|ARM.ActiveCfg = Release|ARM
		{D3B08832-C0BF-4182-98F5-2364C13A9D19}.AppStore|ARM.Build.0 = Release|ARM
		{D3B08832-C0BF-4182-98F5-2364C13A9D19}.AppStore|ARM.Deploy.0 = Release|ARM
		{D3B08832-C0BF-4182-98F5-2364C13A9D19}.AppStore|iPhone.ActiveCfg = Release|x64
		{D3B08832-C0BF-4182-98F5-2364C13A9D19}.AppStore|iPhone.Build.0 = Release|x64
		{D3B08832-C0BF-4182-98F5-2364C13A9D19}.AppStore|iPhone.Deploy.0 = Release|x64
		{D3B08832-C0BF-4182-98F5-2364C13A9D19}.AppStore|iPhoneSimulator.ActiveCfg = Release|x64
		{D3B08832-C0BF-4182-98F5-2364C13A9D19}.AppStore|iPhoneSimulator.Build.0 = Release|x64
		{D3B08832-C0BF-4182-98F5-2364C13A9D19}.AppStore|iPhoneSimulator.Deploy.0 = Release|x64
		{D3B08832-C0BF-4182-98F5-2364C13A9D19}.AppStore|x64.ActiveCfg = Release|x64
		{D3B08832-C0BF-4182-98F5-2364C13A9D19}.AppStore|x64.Build.0 = Release|x64
		{D3B08832-C0BF-4182-98F5-2364C13A9D19}.AppStore|x64.Deploy.0 = Release|x64
		{D3B08832-C0BF-4182-98F5-2364C13A9D19}.AppStore|x86.ActiveCfg = Release|x86
		{D3B08832-C0BF-4182-98F5-2364C13A9D19}.AppStore|x86.Build.0 = Release|x86
		{D3B08832-C0BF-4182-98F5-2364C13A9D19}.AppStore|x86.Deploy.0 = Release|x86
		{D3B08832-C0BF-4182-98F5-2364C13A9D19}.Debug|Any CPU.ActiveCfg = Debug|x86
		{D3B08832-C0BF-4182-98F5-2364C13A9D19}.Debug|Any CPU.Build.0 = Debug|x86
		{D3B08832-C0BF-4182-98F5-2364C13A9D19}.Debug|Any CPU.Deploy.0 = Debug|x86
		{D3B08832-C0BF-4182-98F5-2364C13A9D19}.Debug|ARM.ActiveCfg = Debug|ARM
		{D3B08832-C0BF-4182-98F5-2364C13A9D19}.Debug|ARM.Build.0 = Debug|ARM
		{D3B08832-C0BF-4182-98F5-2364C13A9D19}.Debug|ARM.Deploy.0 = Debug|ARM
		{D3B08832-C0BF-4182-98F5-2364C13A9D19}.Debug|iPhone.ActiveCfg = Debug|x86
		{D3B08832-C0BF-4182-98F5-2364C13A9D19}.Debug|iPhoneSimulator.ActiveCfg = Debug|x86
		{D3B08832-C0BF-4182-98F5-2364C13A9D19}.Debug|x64.ActiveCfg = Debug|x64
		{D3B08832-C0BF-4182-98F5-2364C13A9D19}.Debug|x64.Build.0 = Debug|x64
		{D3B08832-C0BF-4182-98F5-2364C13A9D19}.Debug|x64.Deploy.0 = Debug|x64
		{D3B08832-C0BF-4182-98F5-2364C13A9D19}.Debug|x86.ActiveCfg = Debug|x86
		{D3B08832-C0BF-4182-98F5-2364C13A9D19}.Debug|x86.Build.0 = Debug|x86
		{D3B08832-C0BF-4182-98F5-2364C13A9D19}.Debug|x86.Deploy.0 = Debug|x86
		{D3B08832-C0BF-4182-98F5-2364C13A9D19}.Package|Any CPU.ActiveCfg = Release|Win32
		{D3B08832-C0BF-4182-98F5-2364C13A9D19}.Package|Any CPU.Build.0 = Release|Win32
		{D3B08832-C0BF-4182-98F5-2364C13A9D19}.Package|Any CPU.Deploy.0 = Release|Win32
		{D3B08832-C0BF-4182-98F5-2364C13A9D19}.Package|ARM.ActiveCfg = Debug|ARM
		{D3B08832-C0BF-4182-98F5-2364C13A9D19}.Package|ARM.Build.0 = Debug|ARM
		{D3B08832-C0BF-4182-98F5-2364C13A9D19}.Package|ARM.Deploy.0 = Debug|ARM
		{D3B08832-C0BF-4182-98F5-2364C13A9D19}.Package|iPhone.ActiveCfg = Release|Win32
		{D3B08832-C0BF-4182-98F5-2364C13A9D19}.Package|iPhone.Build.0 = Release|Win32
		{D3B08832-C0BF-4182-98F5-2364C13A9D19}.Package|iPhone.Deploy.0 = Release|Win32
		{D3B08832-C0BF-4182-98F5-2364C13A9D19}.Package|iPhoneSimulator.ActiveCfg = Release|Win32
		{D3B08832-C0BF-4182-98F5-2364C13A9D19}.Package|iPhoneSimulator.Build.0 = Release|Win32
		{D3B08832-C0BF-4182-98F5-2364C13A9D19}.Package|iPhoneSimulator.Deploy.0 = Release|Win32
		{D3B08832-C0BF-4182-98F5-2364C13A9D19}.Package|x64.ActiveCfg = Debug|x64
		{D3B08832-C0BF-4182-98F5-2364C13A9D19}.Package|x64.Build.0 = Debug|x64
		{D3B08832-C0BF-4182-98F5-2364C13A9D19}.Package|x64.Deploy.0 = Debug|x64
		{D3B08832-C0BF-4182-98F5-2364C13A9D19}.Package|x86.ActiveCfg = Debug|x86
		{D3B08832-C0BF-4182-98F5-2364C13A9D19}.Package|x86.Build.0 = Debug|x86
		{D3B08832-C0BF-4182-98F5-2364C13A9D19}.Package|x86.Deploy.0 = Debug|x86
		{D3B08832-C0BF-4182-98F5-2364C13A9D19}.Release|Any CPU.ActiveCfg = Release|x86
		{D3B08832-C0BF-4182-98F5-2364C13A9D19}.Release|ARM.ActiveCfg = Release|ARM
		{D3B08832-C0BF-4182-98F5-2364C13A9D19}.Release|ARM.Build.0 = Release|ARM
		{D3B08832-C0BF-4182-98F5-2364C13A9D19}.Release|ARM.Deploy.0 = Release|ARM
		{D3B08832-C0BF-4182-98F5-2364C13A9D19}.Release|iPhone.ActiveCfg = Release|x86
		{D3B08832-C0BF-4182-98F5-2364C13A9D19}.Release|iPhoneSimulator.ActiveCfg = Release|x86
		{D3B08832-C0BF-4182-98F5-2364C13A9D19}.Release|x64.ActiveCfg = Release|x64
		{D3B08832-C0BF-4182-98F5-2364C13A9D19}.Release|x64.Build.0 = Release|x64
		{D3B08832-C0BF-4182-98F5-2364C13A9D19}.Release|x64.Deploy.0 = Release|x64
		{D3B08832-C0BF-4182-98F5-2364C13A9D19}.Release|x86.ActiveCfg = Release|x86
		{D3B08832-C0BF-4182-98F5-2364C13A9D19}.Release|x86.Build.0 = Release|x86
		{D3B08832-C0BF-4182-98F5-2364C13A9D19}.Release|x86.Deploy.0 = Release|x86
		{D3B08832-C0BF-4182-98F5-2364C13A9D19}.Test|Any CPU.ActiveCfg = Release|x64
		{D3B08832-C0BF-4182-98F5-2364C13A9D19}.Test|ARM.ActiveCfg = Release|ARM
		{D3B08832-C0BF-4182-98F5-2364C13A9D19}.Test|ARM.Build.0 = Release|ARM
		{D3B08832-C0BF-4182-98F5-2364C13A9D19}.Test|ARM.Deploy.0 = Release|ARM
		{D3B08832-C0BF-4182-98F5-2364C13A9D19}.Test|iPhone.ActiveCfg = Release|x64
		{D3B08832-C0BF-4182-98F5-2364C13A9D19}.Test|iPhone.Build.0 = Release|x64
		{D3B08832-C0BF-4182-98F5-2364C13A9D19}.Test|iPhone.Deploy.0 = Release|x64
		{D3B08832-C0BF-4182-98F5-2364C13A9D19}.Test|iPhoneSimulator.ActiveCfg = Release|x64
		{D3B08832-C0BF-4182-98F5-2364C13A9D19}.Test|iPhoneSimulator.Build.0 = Release|x64
		{D3B08832-C0BF-4182-98F5-2364C13A9D19}.Test|iPhoneSimulator.Deploy.0 = Release|x64
		{D3B08832-C0BF-4182-98F5-2364C13A9D19}.Test|x64.ActiveCfg = Release|x64
		{D3B08832-C0BF-4182-98F5-2364C13A9D19}.Test|x64.Build.0 = Release|x64
		{D3B08832-C0BF-4182-98F5-2364C13A9D19}.Test|x64.Deploy.0 = Release|x64
		{D3B08832-C0BF-4182-98F5-2364C13A9D19}.Test|x86.ActiveCfg = Release|x86
		{53F455D4-9D61-42E8-BAE7-7FD2D56259A9}.Ad-Hoc|Any CPU.ActiveCfg = Ad-Hoc|iPhone
		{53F455D4-9D61-42E8-BAE7-7FD2D56259A9}.Ad-Hoc|ARM.ActiveCfg = Ad-Hoc|iPhone
		{53F455D4-9D61-42E8-BAE7-7FD2D56259A9}.Ad-Hoc|iPhone.ActiveCfg = Ad-Hoc|iPhone
		{53F455D4-9D61-42E8-BAE7-7FD2D56259A9}.Ad-Hoc|iPhone.Build.0 = Ad-Hoc|iPhone
		{53F455D4-9D61-42E8-BAE7-7FD2D56259A9}.Ad-Hoc|iPhoneSimulator.ActiveCfg = Ad-Hoc|iPhoneSimulator
		{53F455D4-9D61-42E8-BAE7-7FD2D56259A9}.Ad-Hoc|iPhoneSimulator.Build.0 = Ad-Hoc|iPhoneSimulator
		{53F455D4-9D61-42E8-BAE7-7FD2D56259A9}.Ad-Hoc|x64.ActiveCfg = Ad-Hoc|iPhone
		{53F455D4-9D61-42E8-BAE7-7FD2D56259A9}.Ad-Hoc|x86.ActiveCfg = Ad-Hoc|iPhone
		{53F455D4-9D61-42E8-BAE7-7FD2D56259A9}.AppStore|Any CPU.ActiveCfg = AppStore|iPhone
		{53F455D4-9D61-42E8-BAE7-7FD2D56259A9}.AppStore|ARM.ActiveCfg = AppStore|iPhone
		{53F455D4-9D61-42E8-BAE7-7FD2D56259A9}.AppStore|iPhone.ActiveCfg = AppStore|iPhone
		{53F455D4-9D61-42E8-BAE7-7FD2D56259A9}.AppStore|iPhone.Build.0 = AppStore|iPhone
		{53F455D4-9D61-42E8-BAE7-7FD2D56259A9}.AppStore|iPhoneSimulator.ActiveCfg = AppStore|iPhoneSimulator
		{53F455D4-9D61-42E8-BAE7-7FD2D56259A9}.AppStore|iPhoneSimulator.Build.0 = AppStore|iPhoneSimulator
		{53F455D4-9D61-42E8-BAE7-7FD2D56259A9}.AppStore|x64.ActiveCfg = AppStore|iPhone
		{53F455D4-9D61-42E8-BAE7-7FD2D56259A9}.AppStore|x86.ActiveCfg = AppStore|iPhone
		{53F455D4-9D61-42E8-BAE7-7FD2D56259A9}.Debug|Any CPU.ActiveCfg = Debug|iPhone
		{53F455D4-9D61-42E8-BAE7-7FD2D56259A9}.Debug|ARM.ActiveCfg = Debug|iPhone
		{53F455D4-9D61-42E8-BAE7-7FD2D56259A9}.Debug|iPhone.ActiveCfg = Debug|iPhone
		{53F455D4-9D61-42E8-BAE7-7FD2D56259A9}.Debug|iPhone.Build.0 = Debug|iPhone
		{53F455D4-9D61-42E8-BAE7-7FD2D56259A9}.Debug|iPhoneSimulator.ActiveCfg = Debug|iPhoneSimulator
		{53F455D4-9D61-42E8-BAE7-7FD2D56259A9}.Debug|iPhoneSimulator.Build.0 = Debug|iPhoneSimulator
		{53F455D4-9D61-42E8-BAE7-7FD2D56259A9}.Debug|x64.ActiveCfg = Debug|iPhone
		{53F455D4-9D61-42E8-BAE7-7FD2D56259A9}.Debug|x86.ActiveCfg = Debug|iPhone
		{53F455D4-9D61-42E8-BAE7-7FD2D56259A9}.Package|Any CPU.ActiveCfg = Release|iPhoneSimulator
		{53F455D4-9D61-42E8-BAE7-7FD2D56259A9}.Package|Any CPU.Build.0 = Release|iPhoneSimulator
		{53F455D4-9D61-42E8-BAE7-7FD2D56259A9}.Package|ARM.ActiveCfg = Release|iPhoneSimulator
		{53F455D4-9D61-42E8-BAE7-7FD2D56259A9}.Package|ARM.Build.0 = Release|iPhoneSimulator
		{53F455D4-9D61-42E8-BAE7-7FD2D56259A9}.Package|iPhone.ActiveCfg = Release|iPhone
		{53F455D4-9D61-42E8-BAE7-7FD2D56259A9}.Package|iPhone.Build.0 = Release|iPhone
		{53F455D4-9D61-42E8-BAE7-7FD2D56259A9}.Package|iPhoneSimulator.ActiveCfg = Release|iPhoneSimulator
		{53F455D4-9D61-42E8-BAE7-7FD2D56259A9}.Package|iPhoneSimulator.Build.0 = Release|iPhoneSimulator
		{53F455D4-9D61-42E8-BAE7-7FD2D56259A9}.Package|x64.ActiveCfg = Release|iPhoneSimulator
		{53F455D4-9D61-42E8-BAE7-7FD2D56259A9}.Package|x64.Build.0 = Release|iPhoneSimulator
		{53F455D4-9D61-42E8-BAE7-7FD2D56259A9}.Package|x86.ActiveCfg = Release|iPhoneSimulator
		{53F455D4-9D61-42E8-BAE7-7FD2D56259A9}.Package|x86.Build.0 = Release|iPhoneSimulator
		{53F455D4-9D61-42E8-BAE7-7FD2D56259A9}.Release|Any CPU.ActiveCfg = Release|iPhone
		{53F455D4-9D61-42E8-BAE7-7FD2D56259A9}.Release|ARM.ActiveCfg = Release|iPhone
		{53F455D4-9D61-42E8-BAE7-7FD2D56259A9}.Release|iPhone.ActiveCfg = Release|iPhone
		{53F455D4-9D61-42E8-BAE7-7FD2D56259A9}.Release|iPhone.Build.0 = Release|iPhone
		{53F455D4-9D61-42E8-BAE7-7FD2D56259A9}.Release|iPhoneSimulator.ActiveCfg = Release|iPhoneSimulator
		{53F455D4-9D61-42E8-BAE7-7FD2D56259A9}.Release|iPhoneSimulator.Build.0 = Release|iPhoneSimulator
		{53F455D4-9D61-42E8-BAE7-7FD2D56259A9}.Release|x64.ActiveCfg = Release|iPhone
		{53F455D4-9D61-42E8-BAE7-7FD2D56259A9}.Release|x86.ActiveCfg = Release|iPhone
		{53F455D4-9D61-42E8-BAE7-7FD2D56259A9}.Test|Any CPU.ActiveCfg = AppStore|iPhone
		{53F455D4-9D61-42E8-BAE7-7FD2D56259A9}.Test|Any CPU.Build.0 = AppStore|iPhone
		{53F455D4-9D61-42E8-BAE7-7FD2D56259A9}.Test|ARM.ActiveCfg = AppStore|iPhone
		{53F455D4-9D61-42E8-BAE7-7FD2D56259A9}.Test|ARM.Build.0 = AppStore|iPhone
		{53F455D4-9D61-42E8-BAE7-7FD2D56259A9}.Test|iPhone.ActiveCfg = AppStore|iPhone
		{53F455D4-9D61-42E8-BAE7-7FD2D56259A9}.Test|iPhone.Build.0 = AppStore|iPhone
		{53F455D4-9D61-42E8-BAE7-7FD2D56259A9}.Test|iPhoneSimulator.ActiveCfg = AppStore|iPhoneSimulator
		{53F455D4-9D61-42E8-BAE7-7FD2D56259A9}.Test|iPhoneSimulator.Build.0 = AppStore|iPhoneSimulator
		{53F455D4-9D61-42E8-BAE7-7FD2D56259A9}.Test|x64.ActiveCfg = AppStore|iPhone
		{53F455D4-9D61-42E8-BAE7-7FD2D56259A9}.Test|x64.Build.0 = AppStore|iPhone
		{53F455D4-9D61-42E8-BAE7-7FD2D56259A9}.Test|x86.ActiveCfg = AppStore|iPhone
		{53F455D4-9D61-42E8-BAE7-7FD2D56259A9}.Test|x86.Build.0 = AppStore|iPhone
		{2E9453FE-0B09-4461-B50F-F93EA93BBDAC}.Ad-Hoc|Any CPU.ActiveCfg = Release|Any CPU
		{2E9453FE-0B09-4461-B50F-F93EA93BBDAC}.Ad-Hoc|Any CPU.Build.0 = Release|Any CPU
		{2E9453FE-0B09-4461-B50F-F93EA93BBDAC}.Ad-Hoc|ARM.ActiveCfg = Release|Any CPU
		{2E9453FE-0B09-4461-B50F-F93EA93BBDAC}.Ad-Hoc|ARM.Build.0 = Release|Any CPU
		{2E9453FE-0B09-4461-B50F-F93EA93BBDAC}.Ad-Hoc|iPhone.ActiveCfg = Release|Any CPU
		{2E9453FE-0B09-4461-B50F-F93EA93BBDAC}.Ad-Hoc|iPhone.Build.0 = Release|Any CPU
		{2E9453FE-0B09-4461-B50F-F93EA93BBDAC}.Ad-Hoc|iPhoneSimulator.ActiveCfg = Release|Any CPU
		{2E9453FE-0B09-4461-B50F-F93EA93BBDAC}.Ad-Hoc|iPhoneSimulator.Build.0 = Release|Any CPU
		{2E9453FE-0B09-4461-B50F-F93EA93BBDAC}.Ad-Hoc|x64.ActiveCfg = Release|Any CPU
		{2E9453FE-0B09-4461-B50F-F93EA93BBDAC}.Ad-Hoc|x64.Build.0 = Release|Any CPU
		{2E9453FE-0B09-4461-B50F-F93EA93BBDAC}.Ad-Hoc|x86.ActiveCfg = Release|Any CPU
		{2E9453FE-0B09-4461-B50F-F93EA93BBDAC}.Ad-Hoc|x86.Build.0 = Release|Any CPU
		{2E9453FE-0B09-4461-B50F-F93EA93BBDAC}.AppStore|Any CPU.ActiveCfg = Release|Any CPU
		{2E9453FE-0B09-4461-B50F-F93EA93BBDAC}.AppStore|Any CPU.Build.0 = Release|Any CPU
		{2E9453FE-0B09-4461-B50F-F93EA93BBDAC}.AppStore|ARM.ActiveCfg = Release|Any CPU
		{2E9453FE-0B09-4461-B50F-F93EA93BBDAC}.AppStore|ARM.Build.0 = Release|Any CPU
		{2E9453FE-0B09-4461-B50F-F93EA93BBDAC}.AppStore|iPhone.ActiveCfg = Release|Any CPU
		{2E9453FE-0B09-4461-B50F-F93EA93BBDAC}.AppStore|iPhone.Build.0 = Release|Any CPU
		{2E9453FE-0B09-4461-B50F-F93EA93BBDAC}.AppStore|iPhoneSimulator.ActiveCfg = Release|Any CPU
		{2E9453FE-0B09-4461-B50F-F93EA93BBDAC}.AppStore|iPhoneSimulator.Build.0 = Release|Any CPU
		{2E9453FE-0B09-4461-B50F-F93EA93BBDAC}.AppStore|x64.ActiveCfg = Release|Any CPU
		{2E9453FE-0B09-4461-B50F-F93EA93BBDAC}.AppStore|x64.Build.0 = Release|Any CPU
		{2E9453FE-0B09-4461-B50F-F93EA93BBDAC}.AppStore|x86.ActiveCfg = Release|Any CPU
		{2E9453FE-0B09-4461-B50F-F93EA93BBDAC}.AppStore|x86.Build.0 = Release|Any CPU
		{2E9453FE-0B09-4461-B50F-F93EA93BBDAC}.Debug|Any CPU.ActiveCfg = Debug|Any CPU
		{2E9453FE-0B09-4461-B50F-F93EA93BBDAC}.Debug|Any CPU.Build.0 = Debug|Any CPU
		{2E9453FE-0B09-4461-B50F-F93EA93BBDAC}.Debug|ARM.ActiveCfg = Debug|Any CPU
		{2E9453FE-0B09-4461-B50F-F93EA93BBDAC}.Debug|ARM.Build.0 = Debug|Any CPU
		{2E9453FE-0B09-4461-B50F-F93EA93BBDAC}.Debug|iPhone.ActiveCfg = Debug|Any CPU
		{2E9453FE-0B09-4461-B50F-F93EA93BBDAC}.Debug|iPhone.Build.0 = Debug|Any CPU
		{2E9453FE-0B09-4461-B50F-F93EA93BBDAC}.Debug|iPhoneSimulator.ActiveCfg = Debug|Any CPU
		{2E9453FE-0B09-4461-B50F-F93EA93BBDAC}.Debug|iPhoneSimulator.Build.0 = Debug|Any CPU
		{2E9453FE-0B09-4461-B50F-F93EA93BBDAC}.Debug|x64.ActiveCfg = Debug|Any CPU
		{2E9453FE-0B09-4461-B50F-F93EA93BBDAC}.Debug|x64.Build.0 = Debug|Any CPU
		{2E9453FE-0B09-4461-B50F-F93EA93BBDAC}.Debug|x86.ActiveCfg = Debug|Any CPU
		{2E9453FE-0B09-4461-B50F-F93EA93BBDAC}.Debug|x86.Build.0 = Debug|Any CPU
		{2E9453FE-0B09-4461-B50F-F93EA93BBDAC}.Package|Any CPU.ActiveCfg = Release|Any CPU
		{2E9453FE-0B09-4461-B50F-F93EA93BBDAC}.Package|Any CPU.Build.0 = Release|Any CPU
		{2E9453FE-0B09-4461-B50F-F93EA93BBDAC}.Package|ARM.ActiveCfg = Release|Any CPU
		{2E9453FE-0B09-4461-B50F-F93EA93BBDAC}.Package|ARM.Build.0 = Release|Any CPU
		{2E9453FE-0B09-4461-B50F-F93EA93BBDAC}.Package|iPhone.ActiveCfg = Release|Any CPU
		{2E9453FE-0B09-4461-B50F-F93EA93BBDAC}.Package|iPhone.Build.0 = Release|Any CPU
		{2E9453FE-0B09-4461-B50F-F93EA93BBDAC}.Package|iPhoneSimulator.ActiveCfg = Release|Any CPU
		{2E9453FE-0B09-4461-B50F-F93EA93BBDAC}.Package|iPhoneSimulator.Build.0 = Release|Any CPU
		{2E9453FE-0B09-4461-B50F-F93EA93BBDAC}.Package|x64.ActiveCfg = Release|Any CPU
		{2E9453FE-0B09-4461-B50F-F93EA93BBDAC}.Package|x64.Build.0 = Release|Any CPU
		{2E9453FE-0B09-4461-B50F-F93EA93BBDAC}.Package|x86.ActiveCfg = Release|Any CPU
		{2E9453FE-0B09-4461-B50F-F93EA93BBDAC}.Package|x86.Build.0 = Release|Any CPU
		{2E9453FE-0B09-4461-B50F-F93EA93BBDAC}.Release|Any CPU.ActiveCfg = Release|Any CPU
		{2E9453FE-0B09-4461-B50F-F93EA93BBDAC}.Release|Any CPU.Build.0 = Release|Any CPU
		{2E9453FE-0B09-4461-B50F-F93EA93BBDAC}.Release|ARM.ActiveCfg = Release|Any CPU
		{2E9453FE-0B09-4461-B50F-F93EA93BBDAC}.Release|ARM.Build.0 = Release|Any CPU
		{2E9453FE-0B09-4461-B50F-F93EA93BBDAC}.Release|iPhone.ActiveCfg = Release|Any CPU
		{2E9453FE-0B09-4461-B50F-F93EA93BBDAC}.Release|iPhone.Build.0 = Release|Any CPU
		{2E9453FE-0B09-4461-B50F-F93EA93BBDAC}.Release|iPhoneSimulator.ActiveCfg = Release|Any CPU
		{2E9453FE-0B09-4461-B50F-F93EA93BBDAC}.Release|iPhoneSimulator.Build.0 = Release|Any CPU
		{2E9453FE-0B09-4461-B50F-F93EA93BBDAC}.Release|x64.ActiveCfg = Release|Any CPU
		{2E9453FE-0B09-4461-B50F-F93EA93BBDAC}.Release|x64.Build.0 = Release|Any CPU
		{2E9453FE-0B09-4461-B50F-F93EA93BBDAC}.Release|x86.ActiveCfg = Release|Any CPU
		{2E9453FE-0B09-4461-B50F-F93EA93BBDAC}.Release|x86.Build.0 = Release|Any CPU
		{2E9453FE-0B09-4461-B50F-F93EA93BBDAC}.Test|Any CPU.ActiveCfg = Release|Any CPU
		{2E9453FE-0B09-4461-B50F-F93EA93BBDAC}.Test|Any CPU.Build.0 = Release|Any CPU
		{2E9453FE-0B09-4461-B50F-F93EA93BBDAC}.Test|ARM.ActiveCfg = Release|Any CPU
		{2E9453FE-0B09-4461-B50F-F93EA93BBDAC}.Test|ARM.Build.0 = Release|Any CPU
		{2E9453FE-0B09-4461-B50F-F93EA93BBDAC}.Test|iPhone.ActiveCfg = Release|Any CPU
		{2E9453FE-0B09-4461-B50F-F93EA93BBDAC}.Test|iPhone.Build.0 = Release|Any CPU
		{2E9453FE-0B09-4461-B50F-F93EA93BBDAC}.Test|iPhoneSimulator.ActiveCfg = Release|Any CPU
		{2E9453FE-0B09-4461-B50F-F93EA93BBDAC}.Test|iPhoneSimulator.Build.0 = Release|Any CPU
		{2E9453FE-0B09-4461-B50F-F93EA93BBDAC}.Test|x64.ActiveCfg = Release|Any CPU
		{2E9453FE-0B09-4461-B50F-F93EA93BBDAC}.Test|x64.Build.0 = Release|Any CPU
		{2E9453FE-0B09-4461-B50F-F93EA93BBDAC}.Test|x86.ActiveCfg = Release|Any CPU
		{2E9453FE-0B09-4461-B50F-F93EA93BBDAC}.Test|x86.Build.0 = Release|Any CPU
	EndGlobalSection
	GlobalSection(SolutionProperties) = preSolution
		HideSolutionNode = FALSE
	EndGlobalSection
	GlobalSection(NestedProjects) = preSolution
		{05D97BF4-DB6C-4E87-8165-8998EE4C1FAE} = {CE2C2C92-6E74-4CA1-BCB8-65FF89C2CB86}
		{0F7AD86D-BEEE-4413-92DF-E3E142EB1794} = {CE2C2C92-6E74-4CA1-BCB8-65FF89C2CB86}
		{8F77F972-5005-42E1-A96E-11B1737C41D5} = {F0E88CC3-4704-453D-BFFE-7E8909610262}
		{28055E9F-21D8-4008-B617-455EA94F9E78} = {2E0C9C9E-5DE5-426E-BBC0-600C28B522B7}
		{1F6D9BF0-B573-4634-9939-62AF1AAE1557} = {1F604CF2-5E51-4E07-AAFE-F7927D0C2842}
		{D3B08832-C0BF-4182-98F5-2364C13A9D19} = {CE2C2C92-6E74-4CA1-BCB8-65FF89C2CB86}
		{53F455D4-9D61-42E8-BAE7-7FD2D56259A9} = {CE2C2C92-6E74-4CA1-BCB8-65FF89C2CB86}
		{2E9453FE-0B09-4461-B50F-F93EA93BBDAC} = {CE2C2C92-6E74-4CA1-BCB8-65FF89C2CB86}
	EndGlobalSection
	GlobalSection(ExtensibilityGlobals) = postSolution
		SolutionGuid = {E69930EE-DDD7-455B-B775-091FDD5D998A}
	EndGlobalSection
EndGlobal
